// !$*UTF8*$!
{
	archiveVersion = 1;
	classes = {
	};
	objectVersion = 46;
	objects = {

/* Begin PBXBuildFile section */
		1D3623260D0F684500981E51 /* ExpressoAppDelegate.m in Sources */ = {isa = PBXBuildFile; fileRef = 1D3623250D0F684500981E51 /* ExpressoAppDelegate.m */; };
		1D60589B0D05DD56006BFB54 /* main.m in Sources */ = {isa = PBXBuildFile; fileRef = 29B97316FDCFA39411CA2CEA /* main.m */; };
		1D60589F0D05DD5A006BFB54 /* Foundation.framework in Frameworks */ = {isa = PBXBuildFile; fileRef = 1D30AB110D05D00D00671497 /* Foundation.framework */; };
		1DF5F4E00D08C38300B7A737 /* UIKit.framework in Frameworks */ = {isa = PBXBuildFile; fileRef = 1DF5F4DF0D08C38300B7A737 /* UIKit.framework */; };
		28193060112F816700ECF9B4 /* Expresso.xcdatamodeld in Sources */ = {isa = PBXBuildFile; fileRef = 2819305F112F816700ECF9B4 /* Expresso.xcdatamodeld */; };
		288765A50DF7441C002DB57D /* CoreGraphics.framework in Frameworks */ = {isa = PBXBuildFile; fileRef = 288765A40DF7441C002DB57D /* CoreGraphics.framework */; };
		28AD733F0D9D9553002E5188 /* MainWindow.xib in Resources */ = {isa = PBXBuildFile; fileRef = 28AD733E0D9D9553002E5188 /* MainWindow.xib */; };
		28D801B40F44B63D00FB423F /* CoreData.framework in Frameworks */ = {isa = PBXBuildFile; fileRef = 28D801B30F44B63D00FB423F /* CoreData.framework */; };
		5515B4F412B10B6400220DEA /* FavoritsViewController.m in Sources */ = {isa = PBXBuildFile; fileRef = 5515B4F212B10B6400220DEA /* FavoritsViewController.m */; };
		5538A57F12A6D5BB00CF6776 /* CartaXMLParser.m in Sources */ = {isa = PBXBuildFile; fileRef = 5538A57E12A6D5BB00CF6776 /* CartaXMLParser.m */; };
		5538ED1712A6C07C007C04B3 /* LoginViewController.m in Sources */ = {isa = PBXBuildFile; fileRef = 5538ED1512A6C07C007C04B3 /* LoginViewController.m */; };
		5538ED1812A6C07C007C04B3 /* LoginViewController.xib in Resources */ = {isa = PBXBuildFile; fileRef = 5538ED1612A6C07C007C04B3 /* LoginViewController.xib */; };
		5538ED2512A6C10F007C04B3 /* fons.jpg in Resources */ = {isa = PBXBuildFile; fileRef = 5538ED2312A6C10F007C04B3 /* fons.jpg */; };
		5538ED2612A6C10F007C04B3 /* fons@2x.jpg in Resources */ = {isa = PBXBuildFile; fileRef = 5538ED2412A6C10F007C04B3 /* fons@2x.jpg */; };
		554A5D9D12B1237800C87970 /* favorite.png in Resources */ = {isa = PBXBuildFile; fileRef = 554A5D9C12B1237800C87970 /* favorite.png */; };
		5596CE8912B1447D005C3478 /* FavoritsViewController.xib in Resources */ = {isa = PBXBuildFile; fileRef = 5596CE8812B1447D005C3478 /* FavoritsViewController.xib */; };
		9F22582B12A70550004E3649 /* XML2NSDictionary.m in Sources */ = {isa = PBXBuildFile; fileRef = 9F22582A12A70550004E3649 /* XML2NSDictionary.m */; };
		9F312B1512B299BD006AB331 /* tableViewSingle.png in Resources */ = {isa = PBXBuildFile; fileRef = 9F312B1312B299BD006AB331 /* tableViewSingle.png */; };
		9F312B1612B299BD006AB331 /* tableViewSingle@2x.png in Resources */ = {isa = PBXBuildFile; fileRef = 9F312B1412B299BD006AB331 /* tableViewSingle@2x.png */; };
		9F32A85E12B14BCA0037DE1D /* tableViewHead.png in Resources */ = {isa = PBXBuildFile; fileRef = 9F32A85C12B14BCA0037DE1D /* tableViewHead.png */; };
		9F32A85F12B14BCA0037DE1D /* tableViewHead@2x.png in Resources */ = {isa = PBXBuildFile; fileRef = 9F32A85D12B14BCA0037DE1D /* tableViewHead@2x.png */; };
		9F32A88712B184F60037DE1D /* tableViewMiddle.png in Resources */ = {isa = PBXBuildFile; fileRef = 9F32A88512B184F60037DE1D /* tableViewMiddle.png */; };
		9F32A88812B184F60037DE1D /* tableViewMiddle@2x.png in Resources */ = {isa = PBXBuildFile; fileRef = 9F32A88612B184F60037DE1D /* tableViewMiddle@2x.png */; };
		9F32A88D12B186170037DE1D /* tableViewFooter.png in Resources */ = {isa = PBXBuildFile; fileRef = 9F32A88B12B186170037DE1D /* tableViewFooter.png */; };
		9F32A88E12B186170037DE1D /* tableViewFooter@2x.png in Resources */ = {isa = PBXBuildFile; fileRef = 9F32A88C12B186170037DE1D /* tableViewFooter@2x.png */; };
		9F4A20D712B13F0000940374 /* ExtresViewController.m in Sources */ = {isa = PBXBuildFile; fileRef = 9F4A20D512B13F0000940374 /* ExtresViewController.m */; };
		9F4A20D812B13F0000940374 /* ExtresViewController.xib in Resources */ = {isa = PBXBuildFile; fileRef = 9F4A20D612B13F0000940374 /* ExtresViewController.xib */; };
		9F5FAFBE12AED87F00C8FE6E /* coins.png in Resources */ = {isa = PBXBuildFile; fileRef = 9F5FAFBD12AED87F00C8FE6E /* coins.png */; };
		9F7C7C4E12B2C4DF00BC117B /* Favorits.m in Sources */ = {isa = PBXBuildFile; fileRef = 9F7C7C4B12B2C4DF00BC117B /* Favorits.m */; };
		9F7C7C4F12B2C4DF00BC117B /* Extra.m in Sources */ = {isa = PBXBuildFile; fileRef = 9F7C7C4D12B2C4DF00BC117B /* Extra.m */; };
		9F95681812AE995500A5AD74 /* FirstView.png in Resources */ = {isa = PBXBuildFile; fileRef = 9F95681612AE995500A5AD74 /* FirstView.png */; };
		9F95681912AE995500A5AD74 /* FirstView@2x.png in Resources */ = {isa = PBXBuildFile; fileRef = 9F95681712AE995500A5AD74 /* FirstView@2x.png */; };
		9F95681D12AE997300A5AD74 /* FirstViewController.m in Sources */ = {isa = PBXBuildFile; fileRef = 9F95681B12AE997300A5AD74 /* FirstViewController.m */; };
		9F95681E12AE997300A5AD74 /* FirstViewController.xib in Resources */ = {isa = PBXBuildFile; fileRef = 9F95681C12AE997300A5AD74 /* FirstViewController.xib */; };
		9FBB71F812AFC392004FD188 /* background.png in Resources */ = {isa = PBXBuildFile; fileRef = 9FBB71F612AFC392004FD188 /* background.png */; };
		9FBB71F912AFC392004FD188 /* background@2x.png in Resources */ = {isa = PBXBuildFile; fileRef = 9FBB71F712AFC392004FD188 /* background@2x.png */; };
		9FBB71FE12AFC3AD004FD188 /* ProducteViewController.m in Sources */ = {isa = PBXBuildFile; fileRef = 9FBB71FC12AFC3AD004FD188 /* ProducteViewController.m */; };
		9FBB71FF12AFC3AD004FD188 /* ProducteViewController.xib in Resources */ = {isa = PBXBuildFile; fileRef = 9FBB71FD12AFC3AD004FD188 /* ProducteViewController.xib */; };
		9FBB728F12B002EA004FD188 /* cafe.png in Resources */ = {isa = PBXBuildFile; fileRef = 9FBB728D12B002EA004FD188 /* cafe.png */; };
		9FBB729012B002EA004FD188 /* cafe@2x.png in Resources */ = {isa = PBXBuildFile; fileRef = 9FBB728E12B002EA004FD188 /* cafe@2x.png */; };
		9FBB729912B008C6004FD188 /* fons.png in Resources */ = {isa = PBXBuildFile; fileRef = 9FBB729712B008C6004FD188 /* fons.png */; };
		9FBB729A12B008C6004FD188 /* fons@2x.png in Resources */ = {isa = PBXBuildFile; fileRef = 9FBB729812B008C6004FD188 /* fons@2x.png */; };
		9FBB72F312B013FE004FD188 /* SubproducteViewController.m in Sources */ = {isa = PBXBuildFile; fileRef = 9FBB72F112B013FE004FD188 /* SubproducteViewController.m */; };
		9FBB72F412B013FE004FD188 /* SubproducteViewController.xib in Resources */ = {isa = PBXBuildFile; fileRef = 9FBB72F212B013FE004FD188 /* SubproducteViewController.xib */; };
		9FBB735812B035C1004FD188 /* small.png in Resources */ = {isa = PBXBuildFile; fileRef = 9FBB735412B035C1004FD188 /* small.png */; };
		9FBB735912B035C1004FD188 /* small@2x.png in Resources */ = {isa = PBXBuildFile; fileRef = 9FBB735512B035C1004FD188 /* small@2x.png */; };
		9FBB735A12B035C1004FD188 /* venti.png in Resources */ = {isa = PBXBuildFile; fileRef = 9FBB735612B035C1004FD188 /* venti.png */; };
		9FBB735B12B035C1004FD188 /* venti@2x.png in Resources */ = {isa = PBXBuildFile; fileRef = 9FBB735712B035C1004FD188 /* venti@2x.png */; };
		9FBB735E12B035C8004FD188 /* grande.png in Resources */ = {isa = PBXBuildFile; fileRef = 9FBB735C12B035C8004FD188 /* grande.png */; };
		9FBB735F12B035C8004FD188 /* grande@2x.png in Resources */ = {isa = PBXBuildFile; fileRef = 9FBB735D12B035C8004FD188 /* grande@2x.png */; };
		9FBB736312B035DB004FD188 /* botoExtres.png in Resources */ = {isa = PBXBuildFile; fileRef = 9FBB736112B035DB004FD188 /* botoExtres.png */; };
		9FBB736412B035DB004FD188 /* botoExtres@2x.png in Resources */ = {isa = PBXBuildFile; fileRef = 9FBB736212B035DB004FD188 /* botoExtres@2x.png */; };
		9FBB736812B035F2004FD188 /* TamanysViewController.m in Sources */ = {isa = PBXBuildFile; fileRef = 9FBB736612B035F2004FD188 /* TamanysViewController.m */; };
		9FBB736912B035F2004FD188 /* TamanysViewController.xib in Resources */ = {isa = PBXBuildFile; fileRef = 9FBB736712B035F2004FD188 /* TamanysViewController.xib */; };
		9FF8D9A012B056340014D6E3 /* got.png in Resources */ = {isa = PBXBuildFile; fileRef = 9FF8D99E12B056340014D6E3 /* got.png */; };
		9FF8D9A112B056340014D6E3 /* got@2x.png in Resources */ = {isa = PBXBuildFile; fileRef = 9FF8D99F12B056340014D6E3 /* got@2x.png */; };
		9FF8D9A412B056500014D6E3 /* comandaRealitzadaViewController.m in Sources */ = {isa = PBXBuildFile; fileRef = 9FF8D9A312B056500014D6E3 /* comandaRealitzadaViewController.m */; };
		9FF8D9A612B0565C0014D6E3 /* comandaRealitzadaViewController.xib in Resources */ = {isa = PBXBuildFile; fileRef = 9FF8D9A512B0565C0014D6E3 /* comandaRealitzadaViewController.xib */; };
		9FFC0AE712AEF74800AF0057 /* boto.png in Resources */ = {isa = PBXBuildFile; fileRef = 9FFC0AE512AEF74800AF0057 /* boto.png */; };
		9FFC0AE812AEF74800AF0057 /* boto@2x.png in Resources */ = {isa = PBXBuildFile; fileRef = 9FFC0AE612AEF74800AF0057 /* boto@2x.png */; };
/* End PBXBuildFile section */

/* Begin PBXFileReference section */
		1D30AB110D05D00D00671497 /* Foundation.framework */ = {isa = PBXFileReference; lastKnownFileType = wrapper.framework; name = Foundation.framework; path = System/Library/Frameworks/Foundation.framework; sourceTree = SDKROOT; };
		1D3623240D0F684500981E51 /* ExpressoAppDelegate.h */ = {isa = PBXFileReference; fileEncoding = 4; lastKnownFileType = sourcecode.c.h; path = ExpressoAppDelegate.h; sourceTree = "<group>"; };
		1D3623250D0F684500981E51 /* ExpressoAppDelegate.m */ = {isa = PBXFileReference; fileEncoding = 4; lastKnownFileType = sourcecode.c.objc; path = ExpressoAppDelegate.m; sourceTree = "<group>"; };
		1D6058910D05DD3D006BFB54 /* Expresso.app */ = {isa = PBXFileReference; explicitFileType = wrapper.application; includeInIndex = 0; path = Expresso.app; sourceTree = BUILT_PRODUCTS_DIR; };
		1DF5F4DF0D08C38300B7A737 /* UIKit.framework */ = {isa = PBXFileReference; lastKnownFileType = wrapper.framework; name = UIKit.framework; path = System/Library/Frameworks/UIKit.framework; sourceTree = SDKROOT; };
		288765A40DF7441C002DB57D /* CoreGraphics.framework */ = {isa = PBXFileReference; lastKnownFileType = wrapper.framework; name = CoreGraphics.framework; path = System/Library/Frameworks/CoreGraphics.framework; sourceTree = SDKROOT; };
		28AD733E0D9D9553002E5188 /* MainWindow.xib */ = {isa = PBXFileReference; lastKnownFileType = file.xib; path = MainWindow.xib; sourceTree = "<group>"; };
		28C3AD890F43EF2300507BA6 /* Expresso.xcdatamodel */ = {isa = PBXFileReference; fileEncoding = 4; lastKnownFileType = wrapper.xcdatamodel; path = Expresso.xcdatamodel; sourceTree = "<group>"; };
		28D801B30F44B63D00FB423F /* CoreData.framework */ = {isa = PBXFileReference; lastKnownFileType = wrapper.framework; name = CoreData.framework; path = System/Library/Frameworks/CoreData.framework; sourceTree = SDKROOT; };
		29B97316FDCFA39411CA2CEA /* main.m */ = {isa = PBXFileReference; fileEncoding = 4; lastKnownFileType = sourcecode.c.objc; path = main.m; sourceTree = "<group>"; };
		32CA4F630368D1EE00C91783 /* Expresso_Prefix.pch */ = {isa = PBXFileReference; fileEncoding = 4; lastKnownFileType = sourcecode.c.h; path = Expresso_Prefix.pch; sourceTree = "<group>"; };
		5515B4F112B10B6400220DEA /* FavoritsViewController.h */ = {isa = PBXFileReference; fileEncoding = 4; lastKnownFileType = sourcecode.c.h; path = FavoritsViewController.h; sourceTree = "<group>"; };
		5515B4F212B10B6400220DEA /* FavoritsViewController.m */ = {isa = PBXFileReference; fileEncoding = 4; lastKnownFileType = sourcecode.c.objc; path = FavoritsViewController.m; sourceTree = "<group>"; };
		5538A57D12A6D5BB00CF6776 /* CartaXMLParser.h */ = {isa = PBXFileReference; fileEncoding = 4; lastKnownFileType = sourcecode.c.h; path = CartaXMLParser.h; sourceTree = "<group>"; };
		5538A57E12A6D5BB00CF6776 /* CartaXMLParser.m */ = {isa = PBXFileReference; fileEncoding = 4; lastKnownFileType = sourcecode.c.objc; path = CartaXMLParser.m; sourceTree = "<group>"; };
		5538ED1412A6C07C007C04B3 /* LoginViewController.h */ = {isa = PBXFileReference; fileEncoding = 4; lastKnownFileType = sourcecode.c.h; path = LoginViewController.h; sourceTree = "<group>"; };
		5538ED1512A6C07C007C04B3 /* LoginViewController.m */ = {isa = PBXFileReference; fileEncoding = 4; lastKnownFileType = sourcecode.c.objc; path = LoginViewController.m; sourceTree = "<group>"; };
		5538ED1612A6C07C007C04B3 /* LoginViewController.xib */ = {isa = PBXFileReference; lastKnownFileType = file.xib; name = LoginViewController.xib; path = Classes/LoginViewController.xib; sourceTree = "<group>"; };
		5538ED2312A6C10F007C04B3 /* fons.jpg */ = {isa = PBXFileReference; lastKnownFileType = image.jpeg; path = fons.jpg; sourceTree = "<group>"; };
		5538ED2412A6C10F007C04B3 /* fons@2x.jpg */ = {isa = PBXFileReference; lastKnownFileType = image.jpeg; path = "fons@2x.jpg"; sourceTree = "<group>"; };
		554A5D9C12B1237800C87970 /* favorite.png */ = {isa = PBXFileReference; lastKnownFileType = image.png; path = favorite.png; sourceTree = "<group>"; };
		5596CE8812B1447D005C3478 /* FavoritsViewController.xib */ = {isa = PBXFileReference; lastKnownFileType = file.xib; path = FavoritsViewController.xib; sourceTree = "<group>"; };
		8D1107310486CEB800E47090 /* Expresso-Info.plist */ = {isa = PBXFileReference; fileEncoding = 4; lastKnownFileType = text.plist.xml; path = "Expresso-Info.plist"; plistStructureDefinitionIdentifier = "com.apple.xcode.plist.structure-definition.iphone.info-plist"; sourceTree = "<group>"; };
		9F22582912A70550004E3649 /* XML2NSDictionary.h */ = {isa = PBXFileReference; fileEncoding = 4; lastKnownFileType = sourcecode.c.h; path = XML2NSDictionary.h; sourceTree = "<group>"; };
		9F22582A12A70550004E3649 /* XML2NSDictionary.m */ = {isa = PBXFileReference; fileEncoding = 4; lastKnownFileType = sourcecode.c.objc; path = XML2NSDictionary.m; sourceTree = "<group>"; };
		9F312B1312B299BD006AB331 /* tableViewSingle.png */ = {isa = PBXFileReference; lastKnownFileType = image.png; path = tableViewSingle.png; sourceTree = "<group>"; };
		9F312B1412B299BD006AB331 /* tableViewSingle@2x.png */ = {isa = PBXFileReference; lastKnownFileType = image.png; path = "tableViewSingle@2x.png"; sourceTree = "<group>"; };
		9F32A85C12B14BCA0037DE1D /* tableViewHead.png */ = {isa = PBXFileReference; lastKnownFileType = image.png; path = tableViewHead.png; sourceTree = "<group>"; };
		9F32A85D12B14BCA0037DE1D /* tableViewHead@2x.png */ = {isa = PBXFileReference; lastKnownFileType = image.png; path = "tableViewHead@2x.png"; sourceTree = "<group>"; };
		9F32A88512B184F60037DE1D /* tableViewMiddle.png */ = {isa = PBXFileReference; lastKnownFileType = image.png; path = tableViewMiddle.png; sourceTree = "<group>"; };
		9F32A88612B184F60037DE1D /* tableViewMiddle@2x.png */ = {isa = PBXFileReference; lastKnownFileType = image.png; path = "tableViewMiddle@2x.png"; sourceTree = "<group>"; };
		9F32A88B12B186170037DE1D /* tableViewFooter.png */ = {isa = PBXFileReference; lastKnownFileType = image.png; path = tableViewFooter.png; sourceTree = "<group>"; };
		9F32A88C12B186170037DE1D /* tableViewFooter@2x.png */ = {isa = PBXFileReference; lastKnownFileType = image.png; path = "tableViewFooter@2x.png"; sourceTree = "<group>"; };
		9F4A20D412B13F0000940374 /* ExtresViewController.h */ = {isa = PBXFileReference; fileEncoding = 4; lastKnownFileType = sourcecode.c.h; path = ExtresViewController.h; sourceTree = "<group>"; };
		9F4A20D512B13F0000940374 /* ExtresViewController.m */ = {isa = PBXFileReference; fileEncoding = 4; lastKnownFileType = sourcecode.c.objc; path = ExtresViewController.m; sourceTree = "<group>"; };
		9F4A20D612B13F0000940374 /* ExtresViewController.xib */ = {isa = PBXFileReference; lastKnownFileType = file.xib; name = ExtresViewController.xib; path = Classes/ExtresViewController.xib; sourceTree = "<group>"; };
		9F5FAFBD12AED87F00C8FE6E /* coins.png */ = {isa = PBXFileReference; lastKnownFileType = image.png; path = coins.png; sourceTree = "<group>"; };
		9F7C7C4A12B2C4DF00BC117B /* Favorits.h */ = {isa = PBXFileReference; fileEncoding = 4; lastKnownFileType = sourcecode.c.h; path = Favorits.h; sourceTree = "<group>"; };
		9F7C7C4B12B2C4DF00BC117B /* Favorits.m */ = {isa = PBXFileReference; fileEncoding = 4; lastKnownFileType = sourcecode.c.objc; path = Favorits.m; sourceTree = "<group>"; };
		9F7C7C4C12B2C4DF00BC117B /* Extra.h */ = {isa = PBXFileReference; fileEncoding = 4; lastKnownFileType = sourcecode.c.h; path = Extra.h; sourceTree = "<group>"; };
		9F7C7C4D12B2C4DF00BC117B /* Extra.m */ = {isa = PBXFileReference; fileEncoding = 4; lastKnownFileType = sourcecode.c.objc; path = Extra.m; sourceTree = "<group>"; };
		9F95681612AE995500A5AD74 /* FirstView.png */ = {isa = PBXFileReference; lastKnownFileType = image.png; path = FirstView.png; sourceTree = "<group>"; };
		9F95681712AE995500A5AD74 /* FirstView@2x.png */ = {isa = PBXFileReference; lastKnownFileType = image.png; path = "FirstView@2x.png"; sourceTree = "<group>"; };
		9F95681A12AE997300A5AD74 /* FirstViewController.h */ = {isa = PBXFileReference; fileEncoding = 4; lastKnownFileType = sourcecode.c.h; path = FirstViewController.h; sourceTree = "<group>"; };
		9F95681B12AE997300A5AD74 /* FirstViewController.m */ = {isa = PBXFileReference; fileEncoding = 4; lastKnownFileType = sourcecode.c.objc; path = FirstViewController.m; sourceTree = "<group>"; };
		9F95681C12AE997300A5AD74 /* FirstViewController.xib */ = {isa = PBXFileReference; lastKnownFileType = file.xib; name = FirstViewController.xib; path = Classes/FirstViewController.xib; sourceTree = "<group>"; };
		9FBB71F612AFC392004FD188 /* background.png */ = {isa = PBXFileReference; lastKnownFileType = image.png; path = background.png; sourceTree = "<group>"; };
		9FBB71F712AFC392004FD188 /* background@2x.png */ = {isa = PBXFileReference; lastKnownFileType = image.png; path = "background@2x.png"; sourceTree = "<group>"; };
		9FBB71FB12AFC3AD004FD188 /* ProducteViewController.h */ = {isa = PBXFileReference; fileEncoding = 4; lastKnownFileType = sourcecode.c.h; path = ProducteViewController.h; sourceTree = "<group>"; };
		9FBB71FC12AFC3AD004FD188 /* ProducteViewController.m */ = {isa = PBXFileReference; fileEncoding = 4; lastKnownFileType = sourcecode.c.objc; path = ProducteViewController.m; sourceTree = "<group>"; };
		9FBB71FD12AFC3AD004FD188 /* ProducteViewController.xib */ = {isa = PBXFileReference; lastKnownFileType = file.xib; name = ProducteViewController.xib; path = Classes/ProducteViewController.xib; sourceTree = "<group>"; };
		9FBB728D12B002EA004FD188 /* cafe.png */ = {isa = PBXFileReference; lastKnownFileType = image.png; path = cafe.png; sourceTree = "<group>"; };
		9FBB728E12B002EA004FD188 /* cafe@2x.png */ = {isa = PBXFileReference; lastKnownFileType = image.png; path = "cafe@2x.png"; sourceTree = "<group>"; };
		9FBB729712B008C6004FD188 /* fons.png */ = {isa = PBXFileReference; lastKnownFileType = image.png; path = fons.png; sourceTree = "<group>"; };
		9FBB729812B008C6004FD188 /* fons@2x.png */ = {isa = PBXFileReference; lastKnownFileType = image.png; path = "fons@2x.png"; sourceTree = "<group>"; };
		9FBB72F012B013FE004FD188 /* SubproducteViewController.h */ = {isa = PBXFileReference; fileEncoding = 4; lastKnownFileType = sourcecode.c.h; path = SubproducteViewController.h; sourceTree = "<group>"; };
		9FBB72F112B013FE004FD188 /* SubproducteViewController.m */ = {isa = PBXFileReference; fileEncoding = 4; lastKnownFileType = sourcecode.c.objc; path = SubproducteViewController.m; sourceTree = "<group>"; };
		9FBB72F212B013FE004FD188 /* SubproducteViewController.xib */ = {isa = PBXFileReference; lastKnownFileType = file.xib; name = SubproducteViewController.xib; path = Classes/SubproducteViewController.xib; sourceTree = "<group>"; };
		9FBB735412B035C1004FD188 /* small.png */ = {isa = PBXFileReference; lastKnownFileType = image.png; path = small.png; sourceTree = "<group>"; };
		9FBB735512B035C1004FD188 /* small@2x.png */ = {isa = PBXFileReference; lastKnownFileType = image.png; path = "small@2x.png"; sourceTree = "<group>"; };
		9FBB735612B035C1004FD188 /* venti.png */ = {isa = PBXFileReference; lastKnownFileType = image.png; path = venti.png; sourceTree = "<group>"; };
		9FBB735712B035C1004FD188 /* venti@2x.png */ = {isa = PBXFileReference; lastKnownFileType = image.png; path = "venti@2x.png"; sourceTree = "<group>"; };
		9FBB735C12B035C8004FD188 /* grande.png */ = {isa = PBXFileReference; lastKnownFileType = image.png; path = grande.png; sourceTree = "<group>"; };
		9FBB735D12B035C8004FD188 /* grande@2x.png */ = {isa = PBXFileReference; lastKnownFileType = image.png; path = "grande@2x.png"; sourceTree = "<group>"; };
		9FBB736112B035DB004FD188 /* botoExtres.png */ = {isa = PBXFileReference; lastKnownFileType = image.png; path = botoExtres.png; sourceTree = "<group>"; };
		9FBB736212B035DB004FD188 /* botoExtres@2x.png */ = {isa = PBXFileReference; lastKnownFileType = image.png; path = "botoExtres@2x.png"; sourceTree = "<group>"; };
		9FBB736512B035F2004FD188 /* TamanysViewController.h */ = {isa = PBXFileReference; fileEncoding = 4; lastKnownFileType = sourcecode.c.h; path = TamanysViewController.h; sourceTree = "<group>"; };
		9FBB736612B035F2004FD188 /* TamanysViewController.m */ = {isa = PBXFileReference; fileEncoding = 4; lastKnownFileType = sourcecode.c.objc; path = TamanysViewController.m; sourceTree = "<group>"; };
		9FBB736712B035F2004FD188 /* TamanysViewController.xib */ = {isa = PBXFileReference; lastKnownFileType = file.xib; name = TamanysViewController.xib; path = Classes/TamanysViewController.xib; sourceTree = "<group>"; };
		9FF8D99E12B056340014D6E3 /* got.png */ = {isa = PBXFileReference; lastKnownFileType = image.png; path = got.png; sourceTree = "<group>"; };
		9FF8D99F12B056340014D6E3 /* got@2x.png */ = {isa = PBXFileReference; lastKnownFileType = image.png; path = "got@2x.png"; sourceTree = "<group>"; };
		9FF8D9A212B056500014D6E3 /* comandaRealitzadaViewController.h */ = {isa = PBXFileReference; fileEncoding = 4; lastKnownFileType = sourcecode.c.h; path = comandaRealitzadaViewController.h; sourceTree = "<group>"; };
		9FF8D9A312B056500014D6E3 /* comandaRealitzadaViewController.m */ = {isa = PBXFileReference; fileEncoding = 4; lastKnownFileType = sourcecode.c.objc; path = comandaRealitzadaViewController.m; sourceTree = "<group>"; };
		9FF8D9A512B0565C0014D6E3 /* comandaRealitzadaViewController.xib */ = {isa = PBXFileReference; lastKnownFileType = file.xib; path = comandaRealitzadaViewController.xib; sourceTree = "<group>"; };
		9FFC0AE512AEF74800AF0057 /* boto.png */ = {isa = PBXFileReference; lastKnownFileType = image.png; path = boto.png; sourceTree = "<group>"; };
		9FFC0AE612AEF74800AF0057 /* boto@2x.png */ = {isa = PBXFileReference; lastKnownFileType = image.png; path = "boto@2x.png"; sourceTree = "<group>"; };
/* End PBXFileReference section */

/* Begin PBXFrameworksBuildPhase section */
		1D60588F0D05DD3D006BFB54 /* Frameworks */ = {
			isa = PBXFrameworksBuildPhase;
			buildActionMask = 2147483647;
			files = (
				1D60589F0D05DD5A006BFB54 /* Foundation.framework in Frameworks */,
				1DF5F4E00D08C38300B7A737 /* UIKit.framework in Frameworks */,
				288765A50DF7441C002DB57D /* CoreGraphics.framework in Frameworks */,
				28D801B40F44B63D00FB423F /* CoreData.framework in Frameworks */,
			);
			runOnlyForDeploymentPostprocessing = 0;
		};
/* End PBXFrameworksBuildPhase section */

/* Begin PBXGroup section */
		080E96DDFE201D6D7F000001 /* Classes */ = {
			isa = PBXGroup;
			children = (
				5515B4F112B10B6400220DEA /* FavoritsViewController.h */,
				5515B4F212B10B6400220DEA /* FavoritsViewController.m */,
				5538ED9A12A6D3D1007C04B3 /* Parsers */,
				1D3623240D0F684500981E51 /* ExpressoAppDelegate.h */,
				1D3623250D0F684500981E51 /* ExpressoAppDelegate.m */,
				5538ED1412A6C07C007C04B3 /* LoginViewController.h */,
				5538ED1512A6C07C007C04B3 /* LoginViewController.m */,
				9F95681A12AE997300A5AD74 /* FirstViewController.h */,
				9F95681B12AE997300A5AD74 /* FirstViewController.m */,
				9FBB71FB12AFC3AD004FD188 /* ProducteViewController.h */,
				9FBB71FC12AFC3AD004FD188 /* ProducteViewController.m */,
				9FBB72F012B013FE004FD188 /* SubproducteViewController.h */,
				9FBB72F112B013FE004FD188 /* SubproducteViewController.m */,
				9FBB736512B035F2004FD188 /* TamanysViewController.h */,
				9FBB736612B035F2004FD188 /* TamanysViewController.m */,
				9F4A20D412B13F0000940374 /* ExtresViewController.h */,
				9F4A20D512B13F0000940374 /* ExtresViewController.m */,
				9FF8D9A212B056500014D6E3 /* comandaRealitzadaViewController.h */,
				9FF8D9A312B056500014D6E3 /* comandaRealitzadaViewController.m */,
			);
			path = Classes;
			sourceTree = "<group>";
		};
		19C28FACFE9D520D11CA2CBB /* Products */ = {
			isa = PBXGroup;
			children = (
				1D6058910D05DD3D006BFB54 /* Expresso.app */,
			);
			name = Products;
			sourceTree = "<group>";
		};
		29B97314FDCFA39411CA2CEA /* CustomTemplate */ = {
			isa = PBXGroup;
			children = (
				080E96DDFE201D6D7F000001 /* Classes */,
				29B97315FDCFA39411CA2CEA /* Other Sources */,
				29B97317FDCFA39411CA2CEA /* Resources */,
				29B97323FDCFA39411CA2CEA /* Frameworks */,
				19C28FACFE9D520D11CA2CBB /* Products */,
			);
			name = CustomTemplate;
			sourceTree = "<group>";
		};
		29B97315FDCFA39411CA2CEA /* Other Sources */ = {
			isa = PBXGroup;
			children = (
				32CA4F630368D1EE00C91783 /* Expresso_Prefix.pch */,
				29B97316FDCFA39411CA2CEA /* main.m */,
			);
			name = "Other Sources";
			sourceTree = "<group>";
		};
		29B97317FDCFA39411CA2CEA /* Resources */ = {
			isa = PBXGroup;
			children = (
				5538ED2012A6C0C7007C04B3 /* Imatges */,
				2819305F112F816700ECF9B4 /* Expresso.xcdatamodeld */,
				28AD733E0D9D9553002E5188 /* MainWindow.xib */,
				9F95681C12AE997300A5AD74 /* FirstViewController.xib */,
				5538ED1612A6C07C007C04B3 /* LoginViewController.xib */,
				9FBB71FD12AFC3AD004FD188 /* ProducteViewController.xib */,
				9FBB72F212B013FE004FD188 /* SubproducteViewController.xib */,
				9FBB736712B035F2004FD188 /* TamanysViewController.xib */,
				9F4A20D612B13F0000940374 /* ExtresViewController.xib */,
				9FF8D9A512B0565C0014D6E3 /* comandaRealitzadaViewController.xib */,
				8D1107310486CEB800E47090 /* Expresso-Info.plist */,
				5596CE8812B1447D005C3478 /* FavoritsViewController.xib */,
			);
			name = Resources;
			sourceTree = "<group>";
		};
		29B97323FDCFA39411CA2CEA /* Frameworks */ = {
			isa = PBXGroup;
			children = (
				1DF5F4DF0D08C38300B7A737 /* UIKit.framework */,
				1D30AB110D05D00D00671497 /* Foundation.framework */,
				288765A40DF7441C002DB57D /* CoreGraphics.framework */,
				28D801B30F44B63D00FB423F /* CoreData.framework */,
			);
			name = Frameworks;
			sourceTree = "<group>";
		};
		5538ED2012A6C0C7007C04B3 /* Imatges */ = {
			isa = PBXGroup;
			children = (
				554A5D9C12B1237800C87970 /* favorite.png */,
				9F32A85C12B14BCA0037DE1D /* tableViewHead.png */,
				9F32A85D12B14BCA0037DE1D /* tableViewHead@2x.png */,
				9F32A88512B184F60037DE1D /* tableViewMiddle.png */,
				9F32A88612B184F60037DE1D /* tableViewMiddle@2x.png */,
				9F32A88B12B186170037DE1D /* tableViewFooter.png */,
				9F32A88C12B186170037DE1D /* tableViewFooter@2x.png */,
				9F312B1312B299BD006AB331 /* tableViewSingle.png */,
				9F312B1412B299BD006AB331 /* tableViewSingle@2x.png */,
				9FF8D99E12B056340014D6E3 /* got.png */,
				9FF8D99F12B056340014D6E3 /* got@2x.png */,
				9FBB735412B035C1004FD188 /* small.png */,
				9FBB735512B035C1004FD188 /* small@2x.png */,
				9FBB735C12B035C8004FD188 /* grande.png */,
				9FBB735D12B035C8004FD188 /* grande@2x.png */,
				9FBB735612B035C1004FD188 /* venti.png */,
				9FBB735712B035C1004FD188 /* venti@2x.png */,
				9FBB728D12B002EA004FD188 /* cafe.png */,
				9FBB728E12B002EA004FD188 /* cafe@2x.png */,
				9FBB729712B008C6004FD188 /* fons.png */,
				9FBB729812B008C6004FD188 /* fons@2x.png */,
				9FFC0AE512AEF74800AF0057 /* boto.png */,
				9FFC0AE612AEF74800AF0057 /* boto@2x.png */,
				9FBB736112B035DB004FD188 /* botoExtres.png */,
				9FBB736212B035DB004FD188 /* botoExtres@2x.png */,
				9F5FAFBD12AED87F00C8FE6E /* coins.png */,
				9FBB71F612AFC392004FD188 /* background.png */,
				9FBB71F712AFC392004FD188 /* background@2x.png */,
				9F95681612AE995500A5AD74 /* FirstView.png */,
				9F95681712AE995500A5AD74 /* FirstView@2x.png */,
				5538ED2312A6C10F007C04B3 /* fons.jpg */,
				5538ED2412A6C10F007C04B3 /* fons@2x.jpg */,
			);
			name = Imatges;
			sourceTree = "<group>";
		};
		5538ED9A12A6D3D1007C04B3 /* Parsers */ = {
			isa = PBXGroup;
			children = (
				5538A57D12A6D5BB00CF6776 /* CartaXMLParser.h */,
				5538A57E12A6D5BB00CF6776 /* CartaXMLParser.m */,
				9F22582912A70550004E3649 /* XML2NSDictionary.h */,
				9F22582A12A70550004E3649 /* XML2NSDictionary.m */,
			);
			name = Parsers;
			sourceTree = "<group>";
		};
/* End PBXGroup section */

/* Begin PBXNativeTarget section */
		1D6058900D05DD3D006BFB54 /* Expresso */ = {
			isa = PBXNativeTarget;
			buildConfigurationList = 1D6058960D05DD3E006BFB54 /* Build configuration list for PBXNativeTarget "Expresso" */;
			buildPhases = (
				1D60588D0D05DD3D006BFB54 /* Resources */,
				1D60588E0D05DD3D006BFB54 /* Sources */,
				1D60588F0D05DD3D006BFB54 /* Frameworks */,
			);
			buildRules = (
			);
			dependencies = (
			);
			name = Expresso;
			productName = Expresso;
			productReference = 1D6058910D05DD3D006BFB54 /* Expresso.app */;
			productType = "com.apple.product-type.application";
		};
/* End PBXNativeTarget section */

/* Begin PBXProject section */
		29B97313FDCFA39411CA2CEA /* Project object */ = {
			isa = PBXProject;
			buildConfigurationList = C01FCF4E08A954540054247B /* Build configuration list for PBXProject "Expresso" */;
			compatibilityVersion = "Xcode 3.2";
			developmentRegion = English;
			hasScannedForEncodings = 1;
			knownRegions = (
				English,
				Japanese,
				French,
				German,
			);
			mainGroup = 29B97314FDCFA39411CA2CEA /* CustomTemplate */;
			projectDirPath = "";
			projectRoot = "";
			targets = (
				1D6058900D05DD3D006BFB54 /* Expresso */,
			);
		};
/* End PBXProject section */

/* Begin PBXResourcesBuildPhase section */
		1D60588D0D05DD3D006BFB54 /* Resources */ = {
			isa = PBXResourcesBuildPhase;
			buildActionMask = 2147483647;
			files = (
				28AD733F0D9D9553002E5188 /* MainWindow.xib in Resources */,
				5538ED1812A6C07C007C04B3 /* LoginViewController.xib in Resources */,
				5538ED2512A6C10F007C04B3 /* fons.jpg in Resources */,
				5538ED2612A6C10F007C04B3 /* fons@2x.jpg in Resources */,
				9F95681812AE995500A5AD74 /* FirstView.png in Resources */,
				9F95681912AE995500A5AD74 /* FirstView@2x.png in Resources */,
				9F95681E12AE997300A5AD74 /* FirstViewController.xib in Resources */,
				9F5FAFBE12AED87F00C8FE6E /* coins.png in Resources */,
				9FFC0AE712AEF74800AF0057 /* boto.png in Resources */,
				9FFC0AE812AEF74800AF0057 /* boto@2x.png in Resources */,
				9FBB71F812AFC392004FD188 /* background.png in Resources */,
				9FBB71F912AFC392004FD188 /* background@2x.png in Resources */,
				9FBB71FF12AFC3AD004FD188 /* ProducteViewController.xib in Resources */,
				9FBB728F12B002EA004FD188 /* cafe.png in Resources */,
				9FBB729012B002EA004FD188 /* cafe@2x.png in Resources */,
				9FBB729912B008C6004FD188 /* fons.png in Resources */,
				9FBB729A12B008C6004FD188 /* fons@2x.png in Resources */,
				9FBB72F412B013FE004FD188 /* SubproducteViewController.xib in Resources */,
				9FBB735812B035C1004FD188 /* small.png in Resources */,
				9FBB735912B035C1004FD188 /* small@2x.png in Resources */,
				9FBB735A12B035C1004FD188 /* venti.png in Resources */,
				9FBB735B12B035C1004FD188 /* venti@2x.png in Resources */,
				9FBB735E12B035C8004FD188 /* grande.png in Resources */,
				9FBB735F12B035C8004FD188 /* grande@2x.png in Resources */,
				9FBB736312B035DB004FD188 /* botoExtres.png in Resources */,
				9FBB736412B035DB004FD188 /* botoExtres@2x.png in Resources */,
				9FBB736912B035F2004FD188 /* TamanysViewController.xib in Resources */,
				9FF8D9A012B056340014D6E3 /* got.png in Resources */,
				9FF8D9A112B056340014D6E3 /* got@2x.png in Resources */,
				9FF8D9A612B0565C0014D6E3 /* comandaRealitzadaViewController.xib in Resources */,
				554A5D9D12B1237800C87970 /* favorite.png in Resources */,
				5596CE8912B1447D005C3478 /* FavoritsViewController.xib in Resources */,
				9F4A20D812B13F0000940374 /* ExtresViewController.xib in Resources */,
				9F32A85E12B14BCA0037DE1D /* tableViewHead.png in Resources */,
				9F32A85F12B14BCA0037DE1D /* tableViewHead@2x.png in Resources */,
				9F32A88712B184F60037DE1D /* tableViewMiddle.png in Resources */,
				9F32A88812B184F60037DE1D /* tableViewMiddle@2x.png in Resources */,
				9F32A88D12B186170037DE1D /* tableViewFooter.png in Resources */,
				9F32A88E12B186170037DE1D /* tableViewFooter@2x.png in Resources */,
				9F312B1512B299BD006AB331 /* tableViewSingle.png in Resources */,
				9F312B1612B299BD006AB331 /* tableViewSingle@2x.png in Resources */,
			);
			runOnlyForDeploymentPostprocessing = 0;
		};
/* End PBXResourcesBuildPhase section */

/* Begin PBXSourcesBuildPhase section */
		1D60588E0D05DD3D006BFB54 /* Sources */ = {
			isa = PBXSourcesBuildPhase;
			buildActionMask = 2147483647;
			files = (
				1D60589B0D05DD56006BFB54 /* main.m in Sources */,
				1D3623260D0F684500981E51 /* ExpressoAppDelegate.m in Sources */,
				28193060112F816700ECF9B4 /* Expresso.xcdatamodeld in Sources */,
				5538ED1712A6C07C007C04B3 /* LoginViewController.m in Sources */,
				5538A57F12A6D5BB00CF6776 /* CartaXMLParser.m in Sources */,
				9F22582B12A70550004E3649 /* XML2NSDictionary.m in Sources */,
				9F95681D12AE997300A5AD74 /* FirstViewController.m in Sources */,
				9FBB71FE12AFC3AD004FD188 /* ProducteViewController.m in Sources */,
				9FBB72F312B013FE004FD188 /* SubproducteViewController.m in Sources */,
				9FBB736812B035F2004FD188 /* TamanysViewController.m in Sources */,
				9FF8D9A412B056500014D6E3 /* comandaRealitzadaViewController.m in Sources */,
				5515B4F412B10B6400220DEA /* FavoritsViewController.m in Sources */,
				9F4A20D712B13F0000940374 /* ExtresViewController.m in Sources */,
				9F7C7C4E12B2C4DF00BC117B /* Favorits.m in Sources */,
				9F7C7C4F12B2C4DF00BC117B /* Extra.m in Sources */,
			);
			runOnlyForDeploymentPostprocessing = 0;
		};
/* End PBXSourcesBuildPhase section */

/* Begin XCBuildConfiguration section */
		1D6058940D05DD3E006BFB54 /* Debug */ = {
			isa = XCBuildConfiguration;
			buildSettings = {
				ALWAYS_SEARCH_USER_PATHS = NO;
				COPY_PHASE_STRIP = NO;
				GCC_DYNAMIC_NO_PIC = NO;
				GCC_OPTIMIZATION_LEVEL = 0;
				GCC_PRECOMPILE_PREFIX_HEADER = YES;
				GCC_PREFIX_HEADER = Expresso_Prefix.pch;
				INFOPLIST_FILE = "Expresso-Info.plist";
				PRODUCT_NAME = Expresso;
			};
			name = Debug;
		};
		1D6058950D05DD3E006BFB54 /* Release */ = {
			isa = XCBuildConfiguration;
			buildSettings = {
				ALWAYS_SEARCH_USER_PATHS = NO;
				COPY_PHASE_STRIP = YES;
				GCC_PRECOMPILE_PREFIX_HEADER = YES;
				GCC_PREFIX_HEADER = Expresso_Prefix.pch;
				INFOPLIST_FILE = "Expresso-Info.plist";
				PRODUCT_NAME = Expresso;
				VALIDATE_PRODUCT = YES;
			};
			name = Release;
		};
		C01FCF4F08A954540054247B /* Debug */ = {
			isa = XCBuildConfiguration;
			buildSettings = {
				ARCHS = "$(ARCHS_STANDARD_32_BIT)";
				"CODE_SIGN_IDENTITY[sdk=iphoneos*]" = "iPhone Developer";
				GCC_C_LANGUAGE_STANDARD = c99;
				GCC_WARN_ABOUT_RETURN_TYPE = YES;
				GCC_WARN_UNUSED_VARIABLE = YES;
				PREBINDING = NO;
				SDKROOT = iphoneos4.2;
			};
			name = Debug;
		};
		C01FCF5008A954540054247B /* Release */ = {
			isa = XCBuildConfiguration;
			buildSettings = {
				ARCHS = "$(ARCHS_STANDARD_32_BIT)";
				"CODE_SIGN_IDENTITY[sdk=iphoneos*]" = "iPhone Developer";
				GCC_C_LANGUAGE_STANDARD = c99;
				GCC_WARN_ABOUT_RETURN_TYPE = YES;
				GCC_WARN_UNUSED_VARIABLE = YES;
				OTHER_CFLAGS = "-DNS_BLOCK_ASSERTIONS=1";
				PREBINDING = NO;
				SDKROOT = iphoneos4.2;
			};
			name = Release;
		};
/* End XCBuildConfiguration section */

/* Begin XCConfigurationList section */
		1D6058960D05DD3E006BFB54 /* Build configuration list for PBXNativeTarget "Expresso" */ = {
			isa = XCConfigurationList;
			buildConfigurations = (
				1D6058940D05DD3E006BFB54 /* Debug */,
				1D6058950D05DD3E006BFB54 /* Release */,
			);
			defaultConfigurationIsVisible = 0;
			defaultConfigurationName = Release;
		};
		C01FCF4E08A954540054247B /* Build configuration list for PBXProject "Expresso" */ = {
			isa = XCConfigurationList;
			buildConfigurations = (
				C01FCF4F08A954540054247B /* Debug */,
				C01FCF5008A954540054247B /* Release */,
			);
			defaultConfigurationIsVisible = 0;
			defaultConfigurationName = Release;
		};
/* End XCConfigurationList section */

/* Begin XCVersionGroup section */
		2819305F112F816700ECF9B4 /* Expresso.xcdatamodeld */ = {
			isa = XCVersionGroup;
			children = (
				28C3AD890F43EF2300507BA6 /* Expresso.xcdatamodel */,
				9F7C7C4A12B2C4DF00BC117B /* Favorits.h */,
				9F7C7C4B12B2C4DF00BC117B /* Favorits.m */,
				9F7C7C4C12B2C4DF00BC117B /* Extra.h */,
				9F7C7C4D12B2C4DF00BC117B /* Extra.m */,
			);
			currentVersion = 28C3AD890F43EF2300507BA6 /* Expresso.xcdatamodel */;
			path = Expresso.xcdatamodeld;
			sourceTree = "<group>";
			versionGroupType = wrapper.xcdatamodel;
		};
/* End XCVersionGroup section */
	};
	rootObject = 29B97313FDCFA39411CA2CEA /* Project object */;
}
